// !$*UTF8*$!
{
	archiveVersion = 1;
	classes = {
	};
	objectVersion = 50;
	objects = {

/* Begin PBXBuildFile section */
		454E4AE523C9286A00BB6C4D /* AppDelegate.swift in Sources */ = {isa = PBXBuildFile; fileRef = 454E4AE423C9286A00BB6C4D /* AppDelegate.swift */; };
		454E4AE723C9286A00BB6C4D /* SceneDelegate.swift in Sources */ = {isa = PBXBuildFile; fileRef = 454E4AE623C9286A00BB6C4D /* SceneDelegate.swift */; };
		454E4AEC23C9286A00BB6C4D /* Main.storyboard in Resources */ = {isa = PBXBuildFile; fileRef = 454E4AEA23C9286A00BB6C4D /* Main.storyboard */; };
		454E4AEE23C9286E00BB6C4D /* Assets.xcassets in Resources */ = {isa = PBXBuildFile; fileRef = 454E4AED23C9286E00BB6C4D /* Assets.xcassets */; };
		454E4AF123C9286E00BB6C4D /* LaunchScreen.storyboard in Resources */ = {isa = PBXBuildFile; fileRef = 454E4AEF23C9286E00BB6C4D /* LaunchScreen.storyboard */; };
		454E4AFB23C9378E00BB6C4D /* OnboardOneViewController.swift in Sources */ = {isa = PBXBuildFile; fileRef = 454E4AFA23C9378E00BB6C4D /* OnboardOneViewController.swift */; };
/* End PBXBuildFile section */

/* Begin PBXFileReference section */
		454E4AE123C9286900BB6C4D /* EagleEye-Xcode.app */ = {isa = PBXFileReference; explicitFileType = wrapper.application; includeInIndex = 0; path = "EagleEye-Xcode.app"; sourceTree = BUILT_PRODUCTS_DIR; };
		454E4AE423C9286A00BB6C4D /* AppDelegate.swift */ = {isa = PBXFileReference; lastKnownFileType = sourcecode.swift; path = AppDelegate.swift; sourceTree = "<group>"; };
		454E4AE623C9286A00BB6C4D /* SceneDelegate.swift */ = {isa = PBXFileReference; lastKnownFileType = sourcecode.swift; path = SceneDelegate.swift; sourceTree = "<group>"; };
		454E4AEB23C9286A00BB6C4D /* Base */ = {isa = PBXFileReference; lastKnownFileType = file.storyboard; name = Base; path = Base.lproj/Main.storyboard; sourceTree = "<group>"; };
		454E4AED23C9286E00BB6C4D /* Assets.xcassets */ = {isa = PBXFileReference; lastKnownFileType = folder.assetcatalog; path = Assets.xcassets; sourceTree = "<group>"; };
		454E4AF023C9286E00BB6C4D /* Base */ = {isa = PBXFileReference; lastKnownFileType = file.storyboard; name = Base; path = Base.lproj/LaunchScreen.storyboard; sourceTree = "<group>"; };
		454E4AF223C9286E00BB6C4D /* Info.plist */ = {isa = PBXFileReference; lastKnownFileType = text.plist.xml; path = Info.plist; sourceTree = "<group>"; };
		454E4AFA23C9378E00BB6C4D /* OnboardOneViewController.swift */ = {isa = PBXFileReference; lastKnownFileType = sourcecode.swift; path = OnboardOneViewController.swift; sourceTree = "<group>"; };
/* End PBXFileReference section */

/* Begin PBXFrameworksBuildPhase section */
		454E4ADE23C9286900BB6C4D /* Frameworks */ = {
			isa = PBXFrameworksBuildPhase;
			buildActionMask = 2147483647;
			files = (
			);
			runOnlyForDeploymentPostprocessing = 0;
		};
/* End PBXFrameworksBuildPhase section */

/* Begin PBXGroup section */
		454E4AD823C9286900BB6C4D = {
			isa = PBXGroup;
			children = (
				454E4AE323C9286A00BB6C4D /* EagleEye-Xcode */,
				454E4AE223C9286900BB6C4D /* Products */,
			);
			sourceTree = "<group>";
		};
		454E4AE223C9286900BB6C4D /* Products */ = {
			isa = PBXGroup;
			children = (
				454E4AE123C9286900BB6C4D /* EagleEye-Xcode.app */,
			);
			name = Products;
			sourceTree = "<group>";
		};
		454E4AE323C9286A00BB6C4D /* EagleEye-Xcode */ = {
			isa = PBXGroup;
			children = (
				454E4AE423C9286A00BB6C4D /* AppDelegate.swift */,
				454E4AE623C9286A00BB6C4D /* SceneDelegate.swift */,
				454E4AFA23C9378E00BB6C4D /* OnboardOneViewController.swift */,
				454E4AEA23C9286A00BB6C4D /* Main.storyboard */,
				454E4AED23C9286E00BB6C4D /* Assets.xcassets */,
				454E4AEF23C9286E00BB6C4D /* LaunchScreen.storyboard */,
				454E4AF223C9286E00BB6C4D /* Info.plist */,
			);
			path = "EagleEye-Xcode";
			sourceTree = "<group>";
		};
/* End PBXGroup section */

/* Begin PBXNativeTarget section */
		454E4AE023C9286900BB6C4D /* EagleEye-Xcode */ = {
			isa = PBXNativeTarget;
			buildConfigurationList = 454E4AF523C9286E00BB6C4D /* Build configuration list for PBXNativeTarget "EagleEye-Xcode" */;
			buildPhases = (
				454E4ADD23C9286900BB6C4D /* Sources */,
				454E4ADE23C9286900BB6C4D /* Frameworks */,
				454E4ADF23C9286900BB6C4D /* Resources */,
			);
			buildRules = (
			);
			dependencies = (
			);
			name = "EagleEye-Xcode";
			productName = "EagleEye-Xcode";
			productReference = 454E4AE123C9286900BB6C4D /* EagleEye-Xcode.app */;
			productType = "com.apple.product-type.application";
		};
/* End PBXNativeTarget section */

/* Begin PBXProject section */
		454E4AD923C9286900BB6C4D /* Project object */ = {
			isa = PBXProject;
			attributes = {
				LastSwiftUpdateCheck = 1110;
				LastUpgradeCheck = 1110;
				ORGANIZATIONNAME = "Lambda School";
				TargetAttributes = {
					454E4AE023C9286900BB6C4D = {
						CreatedOnToolsVersion = 11.1;
					};
				};
			};
			buildConfigurationList = 454E4ADC23C9286900BB6C4D /* Build configuration list for PBXProject "EagleEye-Xcode" */;
			compatibilityVersion = "Xcode 9.3";
			developmentRegion = en;
			hasScannedForEncodings = 0;
			knownRegions = (
				en,
				Base,
			);
			mainGroup = 454E4AD823C9286900BB6C4D;
			productRefGroup = 454E4AE223C9286900BB6C4D /* Products */;
			projectDirPath = "";
			projectRoot = "";
			targets = (
				454E4AE023C9286900BB6C4D /* EagleEye-Xcode */,
			);
		};
/* End PBXProject section */

/* Begin PBXResourcesBuildPhase section */
		454E4ADF23C9286900BB6C4D /* Resources */ = {
			isa = PBXResourcesBuildPhase;
			buildActionMask = 2147483647;
			files = (
				454E4AF123C9286E00BB6C4D /* LaunchScreen.storyboard in Resources */,
				454E4AEE23C9286E00BB6C4D /* Assets.xcassets in Resources */,
				454E4AEC23C9286A00BB6C4D /* Main.storyboard in Resources */,
			);
			runOnlyForDeploymentPostprocessing = 0;
		};
/* End PBXResourcesBuildPhase section */

/* Begin PBXSourcesBuildPhase section */
		454E4ADD23C9286900BB6C4D /* Sources */ = {
			isa = PBXSourcesBuildPhase;
			buildActionMask = 2147483647;
			files = (
				454E4AE523C9286A00BB6C4D /* AppDelegate.swift in Sources */,
				454E4AFB23C9378E00BB6C4D /* OnboardOneViewController.swift in Sources */,
				454E4AE723C9286A00BB6C4D /* SceneDelegate.swift in Sources */,
			);
			runOnlyForDeploymentPostprocessing = 0;
		};
/* End PBXSourcesBuildPhase section */

/* Begin PBXVariantGroup section */
		454E4AEA23C9286A00BB6C4D /* Main.storyboard */ = {
			isa = PBXVariantGroup;
			children = (
				454E4AEB23C9286A00BB6C4D /* Base */,
			);
			name = Main.storyboard;
			sourceTree = "<group>";
		};
		454E4AEF23C9286E00BB6C4D /* LaunchScreen.storyboard */ = {
			isa = PBXVariantGroup;
			children = (
				454E4AF023C9286E00BB6C4D /* Base */,
			);
			name = LaunchScreen.storyboard;
			sourceTree = "<group>";
		};
/* End PBXVariantGroup section */

/* Begin XCBuildConfiguration section */
		454E4AF323C9286E00BB6C4D /* Debug */ = {
			isa = XCBuildConfiguration;
			buildSettings = {
				ALWAYS_SEARCH_USER_PATHS = NO;
				CLANG_ANALYZER_NONNULL = YES;
				CLANG_ANALYZER_NUMBER_OBJECT_CONVERSION = YES_AGGRESSIVE;
				CLANG_CXX_LANGUAGE_STANDARD = "gnu++14";
				CLANG_CXX_LIBRARY = "libc++";
				CLANG_ENABLE_MODULES = YES;
				CLANG_ENABLE_OBJC_ARC = YES;
				CLANG_ENABLE_OBJC_WEAK = YES;
				CLANG_WARN_BLOCK_CAPTURE_AUTORELEASING = YES;
				CLANG_WARN_BOOL_CONVERSION = YES;
				CLANG_WARN_COMMA = YES;
				CLANG_WARN_CONSTANT_CONVERSION = YES;
				CLANG_WARN_DEPRECATED_OBJC_IMPLEMENTATIONS = YES;
				CLANG_WARN_DIRECT_OBJC_ISA_USAGE = YES_ERROR;
				CLANG_WARN_DOCUMENTATION_COMMENTS = YES;
				CLANG_WARN_EMPTY_BODY = YES;
				CLANG_WARN_ENUM_CONVERSION = YES;
				CLANG_WARN_INFINITE_RECURSION = YES;
				CLANG_WARN_INT_CONVERSION = YES;
				CLANG_WARN_NON_LITERAL_NULL_CONVERSION = YES;
				CLANG_WARN_OBJC_IMPLICIT_RETAIN_SELF = YES;
				CLANG_WARN_OBJC_LITERAL_CONVERSION = YES;
				CLANG_WARN_OBJC_ROOT_CLASS = YES_ERROR;
				CLANG_WARN_RANGE_LOOP_ANALYSIS = YES;
				CLANG_WARN_STRICT_PROTOTYPES = YES;
				CLANG_WARN_SUSPICIOUS_MOVE = YES;
				CLANG_WARN_UNGUARDED_AVAILABILITY = YES_AGGRESSIVE;
				CLANG_WARN_UNREACHABLE_CODE = YES;
				CLANG_WARN__DUPLICATE_METHOD_MATCH = YES;
				COPY_PHASE_STRIP = NO;
				DEBUG_INFORMATION_FORMAT = dwarf;
				ENABLE_STRICT_OBJC_MSGSEND = YES;
				ENABLE_TESTABILITY = YES;
				GCC_C_LANGUAGE_STANDARD = gnu11;
				GCC_DYNAMIC_NO_PIC = NO;
				GCC_NO_COMMON_BLOCKS = YES;
				GCC_OPTIMIZATION_LEVEL = 0;
				GCC_PREPROCESSOR_DEFINITIONS = (
					"DEBUG=1",
					"$(inherited)",
				);
				GCC_WARN_64_TO_32_BIT_CONVERSION = YES;
				GCC_WARN_ABOUT_RETURN_TYPE = YES_ERROR;
				GCC_WARN_UNDECLARED_SELECTOR = YES;
				GCC_WARN_UNINITIALIZED_AUTOS = YES_AGGRESSIVE;
				GCC_WARN_UNUSED_FUNCTION = YES;
				GCC_WARN_UNUSED_VARIABLE = YES;
				IPHONEOS_DEPLOYMENT_TARGET = 13.1;
				MTL_ENABLE_DEBUG_INFO = INCLUDE_SOURCE;
				MTL_FAST_MATH = YES;
				ONLY_ACTIVE_ARCH = YES;
				SDKROOT = iphoneos;
				SWIFT_ACTIVE_COMPILATION_CONDITIONS = DEBUG;
				SWIFT_OPTIMIZATION_LEVEL = "-Onone";
			};
			name = Debug;
		};
		454E4AF423C9286E00BB6C4D /* Release */ = {
			isa = XCBuildConfiguration;
			buildSettings = {
				ALWAYS_SEARCH_USER_PATHS = NO;
				CLANG_ANALYZER_NONNULL = YES;
				CLANG_ANALYZER_NUMBER_OBJECT_CONVERSION = YES_AGGRESSIVE;
				CLANG_CXX_LANGUAGE_STANDARD = "gnu++14";
				CLANG_CXX_LIBRARY = "libc++";
				CLANG_ENABLE_MODULES = YES;
				CLANG_ENABLE_OBJC_ARC = YES;
				CLANG_ENABLE_OBJC_WEAK = YES;
				CLANG_WARN_BLOCK_CAPTURE_AUTORELEASING = YES;
				CLANG_WARN_BOOL_CONVERSION = YES;
				CLANG_WARN_COMMA = YES;
				CLANG_WARN_CONSTANT_CONVERSION = YES;
				CLANG_WARN_DEPRECATED_OBJC_IMPLEMENTATIONS = YES;
				CLANG_WARN_DIRECT_OBJC_ISA_USAGE = YES_ERROR;
				CLANG_WARN_DOCUMENTATION_COMMENTS = YES;
				CLANG_WARN_EMPTY_BODY = YES;
				CLANG_WARN_ENUM_CONVERSION = YES;
				CLANG_WARN_INFINITE_RECURSION = YES;
				CLANG_WARN_INT_CONVERSION = YES;
				CLANG_WARN_NON_LITERAL_NULL_CONVERSION = YES;
				CLANG_WARN_OBJC_IMPLICIT_RETAIN_SELF = YES;
				CLANG_WARN_OBJC_LITERAL_CONVERSION = YES;
				CLANG_WARN_OBJC_ROOT_CLASS = YES_ERROR;
				CLANG_WARN_RANGE_LOOP_ANALYSIS = YES;
				CLANG_WARN_STRICT_PROTOTYPES = YES;
				CLANG_WARN_SUSPICIOUS_MOVE = YES;
				CLANG_WARN_UNGUARDED_AVAILABILITY = YES_AGGRESSIVE;
				CLANG_WARN_UNREACHABLE_CODE = YES;
				CLANG_WARN__DUPLICATE_METHOD_MATCH = YES;
				COPY_PHASE_STRIP = NO;
				DEBUG_INFORMATION_FORMAT = "dwarf-with-dsym";
				ENABLE_NS_ASSERTIONS = NO;
				ENABLE_STRICT_OBJC_MSGSEND = YES;
				GCC_C_LANGUAGE_STANDARD = gnu11;
				GCC_NO_COMMON_BLOCKS = YES;
				GCC_WARN_64_TO_32_BIT_CONVERSION = YES;
				GCC_WARN_ABOUT_RETURN_TYPE = YES_ERROR;
				GCC_WARN_UNDECLARED_SELECTOR = YES;
				GCC_WARN_UNINITIALIZED_AUTOS = YES_AGGRESSIVE;
				GCC_WARN_UNUSED_FUNCTION = YES;
				GCC_WARN_UNUSED_VARIABLE = YES;
				IPHONEOS_DEPLOYMENT_TARGET = 13.1;
				MTL_ENABLE_DEBUG_INFO = NO;
				MTL_FAST_MATH = YES;
				SDKROOT = iphoneos;
				SWIFT_COMPILATION_MODE = wholemodule;
				SWIFT_OPTIMIZATION_LEVEL = "-O";
				VALIDATE_PRODUCT = YES;
			};
			name = Release;
		};
		454E4AF623C9286E00BB6C4D /* Debug */ = {
			isa = XCBuildConfiguration;
			buildSettings = {
				ASSETCATALOG_COMPILER_APPICON_NAME = AppIcon;
				CODE_SIGN_STYLE = Automatic;
				INFOPLIST_FILE = "EagleEye-Xcode/Info.plist";
				LD_RUNPATH_SEARCH_PATHS = (
					"$(inherited)",
					"@executable_path/Frameworks",
				);
				PRODUCT_BUNDLE_IDENTIFIER = "com.flash.EagleEye-Xcode";
				PRODUCT_NAME = "$(TARGET_NAME)";
				SWIFT_VERSION = 5.0;
				TARGETED_DEVICE_FAMILY = "1,2";
			};
			name = Debug;
		};
		454E4AF723C9286E00BB6C4D /* Release */ = {
			isa = XCBuildConfiguration;
			buildSettings = {
				ASSETCATALOG_COMPILER_APPICON_NAME = AppIcon;
				CODE_SIGN_STYLE = Automatic;
				INFOPLIST_FILE = "EagleEye-Xcode/Info.plist";
				LD_RUNPATH_SEARCH_PATHS = (
					"$(inherited)",
					"@executable_path/Frameworks",
				);
				PRODUCT_BUNDLE_IDENTIFIER = "com.flash.EagleEye-Xcode";
				PRODUCT_NAME = "$(TARGET_NAME)";
				SWIFT_VERSION = 5.0;
				TARGETED_DEVICE_FAMILY = "1,2";
			};
			name = Release;
		};
/* End XCBuildConfiguration section */

/* Begin XCConfigurationList section */
		454E4ADC23C9286900BB6C4D /* Build configuration list for PBXProject "EagleEye-Xcode" */ = {
			isa = XCConfigurationList;
			buildConfigurations = (
				454E4AF323C9286E00BB6C4D /* Debug */,
				454E4AF423C9286E00BB6C4D /* Release */,
			);
			defaultConfigurationIsVisible = 0;
			defaultConfigurationName = Release;
		};
		454E4AF523C9286E00BB6C4D /* Build configuration list for PBXNativeTarget "EagleEye-Xcode" */ = {
			isa = XCConfigurationList;
			buildConfigurations = (
				454E4AF623C9286E00BB6C4D /* Debug */,
				454E4AF723C9286E00BB6C4D /* Release */,
			);
			defaultConfigurationIsVisible = 0;
			defaultConfigurationName = Release;
		};
/* End XCConfigurationList section */
	};
	rootObject = 454E4AD923C9286900BB6C4D /* Project object */;
}
